
Microsoft Visual Studio Solution File, Format Version 12.00
# Visual Studio 15
VisualStudioVersion = 15.0.27130.2010
MinimumVisualStudioVersion = 10.0.40219.1
Project("{FAE04EC0-301F-11D3-BF4B-00C04F79EFBC}") = "InheritDoc", "InheritDoc\InheritDoc.csproj", "{DFA4DF99-7DFD-4146-9442-53844D7A0907}"
EndProject
Global
	GlobalSection(SolutionConfigurationPlatforms) = preSolution
		Debug|Any CPU = Debug|Any CPU
		Release|Any CPU = Release|Any CPU
	EndGlobalSection
	GlobalSection(ProjectConfigurationPlatforms) = postSolution
		{DFA4DF99-7DFD-4146-9442-53844D7A0907}.Debug|Any CPU.ActiveCfg = Debug|Any CPU
		{DFA4DF99-7DFD-4146-9442-53844D7A0907}.Debug|Any CPU.Build.0 = Debug|Any CPU
		{DFA4DF99-7DFD-4146-9442-53844D7A0907}.Release|Any CPU.ActiveCfg = Release|Any CPU
		{DFA4DF99-7DFD-4146-9442-53844D7A0907}.Release|Any CPU.Build.0 = Release|Any CPU
	EndGlobalSection
	GlobalSection(SolutionProperties) = preSolution
		HideSolutionNode = FALSE
	EndGlobalSection
	GlobalSection(ExtensibilityGlobals) = postSolution
		SolutionGuid = {B179DB9F-60A0-4C24-A45E-A2BF427BF369}
	EndGlobalSection
EndGlobal
