
Microsoft Visual Studio Solution File, Format Version 12.00
# Visual Studio 15
VisualStudioVersion = 15.0.27130.2010
MinimumVisualStudioVersion = 10.0.40219.1
Project("{FAE04EC0-301F-11D3-BF4B-00C04F79EFBC}") = "InheritDoc", "InheritDoc\InheritDoc.csproj", "{8D70AD37-9599-474B-B231-5447DDFBFD31}"
EndProject
Project("{2150E333-8FDC-42A3-9474-1A3956D46DE8}") = "Solution Items", "Solution Items", "{31F77A66-10E2-4705-B16D-9A2DDB6ED1C2}"
	ProjectSection(SolutionItems) = preProject
		generate-nuget-packages.ps1 = generate-nuget-packages.ps1
		push-nuget-packages.ps1 = push-nuget-packages.ps1
		InheritDoc\README.md = InheritDoc\README.md
	EndProjectSection
EndProject
Project("{FAE04EC0-301F-11D3-BF4B-00C04F79EFBC}") = "InheritDocLib", "InheritDocLib\InheritDocLib.csproj", "{390F170D-8730-4114-A3DA-EDA42541DA86}"
EndProject
Project("{FAE04EC0-301F-11D3-BF4B-00C04F79EFBC}") = "InheritDocTest", "InheritDocTest\InheritDocTest.csproj", "{CA4B94C3-0C7A-4392-A20F-79A60C7CB38A}"
EndProject
Project("{FAE04EC0-301F-11D3-BF4B-00C04F79EFBC}") = "InheritDocVsix", "InheritDocVsix\InheritDocVsix.csproj", "{ACA5ADAF-6AC8-4EB7-A417-AEB141C102CD}"
EndProject
Project("{E24C65DC-7377-472B-9ABA-BC803B73C61A}") = "www.inheritdoc.io", "www.inheritdoc.io\", "{DDF90F9A-23D4-443E-8C38-C1359D87B2F2}"
	ProjectSection(WebsiteProperties) = preProject
		TargetFrameworkMoniker = ".NETFramework,Version%3Dv4.6.1"
		Debug.AspNetCompiler.VirtualPath = "/localhost_55975"
		Debug.AspNetCompiler.PhysicalPath = "www.inheritdoc.io\"
		Debug.AspNetCompiler.TargetPath = "PrecompiledWeb\localhost_55975\"
		Debug.AspNetCompiler.Updateable = "true"
		Debug.AspNetCompiler.ForceOverwrite = "true"
		Debug.AspNetCompiler.FixedNames = "false"
		Debug.AspNetCompiler.Debug = "True"
		Release.AspNetCompiler.VirtualPath = "/localhost_55975"
		Release.AspNetCompiler.PhysicalPath = "www.inheritdoc.io\"
		Release.AspNetCompiler.TargetPath = "PrecompiledWeb\localhost_55975\"
		Release.AspNetCompiler.Updateable = "true"
		Release.AspNetCompiler.ForceOverwrite = "true"
		Release.AspNetCompiler.FixedNames = "false"
		Release.AspNetCompiler.Debug = "False"
		VWDPort = "55975"
		SlnRelativePath = "www.inheritdoc.io\"
	EndProjectSection
EndProject
Global
	GlobalSection(SolutionConfigurationPlatforms) = preSolution
		Debug|Any CPU = Debug|Any CPU
		Release|Any CPU = Release|Any CPU
	EndGlobalSection
	GlobalSection(ProjectConfigurationPlatforms) = postSolution
		{8D70AD37-9599-474B-B231-5447DDFBFD31}.Debug|Any CPU.ActiveCfg = Debug|Any CPU
		{8D70AD37-9599-474B-B231-5447DDFBFD31}.Debug|Any CPU.Build.0 = Debug|Any CPU
		{8D70AD37-9599-474B-B231-5447DDFBFD31}.Release|Any CPU.ActiveCfg = Release|Any CPU
		{8D70AD37-9599-474B-B231-5447DDFBFD31}.Release|Any CPU.Build.0 = Release|Any CPU
		{390F170D-8730-4114-A3DA-EDA42541DA86}.Debug|Any CPU.ActiveCfg = Debug|Any CPU
		{390F170D-8730-4114-A3DA-EDA42541DA86}.Debug|Any CPU.Build.0 = Debug|Any CPU
		{390F170D-8730-4114-A3DA-EDA42541DA86}.Release|Any CPU.ActiveCfg = Release|Any CPU
		{390F170D-8730-4114-A3DA-EDA42541DA86}.Release|Any CPU.Build.0 = Release|Any CPU
		{CA4B94C3-0C7A-4392-A20F-79A60C7CB38A}.Debug|Any CPU.ActiveCfg = Debug|Any CPU
		{CA4B94C3-0C7A-4392-A20F-79A60C7CB38A}.Debug|Any CPU.Build.0 = Debug|Any CPU
		{CA4B94C3-0C7A-4392-A20F-79A60C7CB38A}.Release|Any CPU.ActiveCfg = Release|Any CPU
		{CA4B94C3-0C7A-4392-A20F-79A60C7CB38A}.Release|Any CPU.Build.0 = Release|Any CPU
		{ACA5ADAF-6AC8-4EB7-A417-AEB141C102CD}.Debug|Any CPU.ActiveCfg = Debug|Any CPU
		{ACA5ADAF-6AC8-4EB7-A417-AEB141C102CD}.Debug|Any CPU.Build.0 = Debug|Any CPU
		{ACA5ADAF-6AC8-4EB7-A417-AEB141C102CD}.Release|Any CPU.ActiveCfg = Release|Any CPU
		{ACA5ADAF-6AC8-4EB7-A417-AEB141C102CD}.Release|Any CPU.Build.0 = Release|Any CPU
		{DDF90F9A-23D4-443E-8C38-C1359D87B2F2}.Debug|Any CPU.ActiveCfg = Debug|Any CPU
		{DDF90F9A-23D4-443E-8C38-C1359D87B2F2}.Debug|Any CPU.Build.0 = Debug|Any CPU
		{DDF90F9A-23D4-443E-8C38-C1359D87B2F2}.Release|Any CPU.ActiveCfg = Debug|Any CPU
		{DDF90F9A-23D4-443E-8C38-C1359D87B2F2}.Release|Any CPU.Build.0 = Debug|Any CPU
	EndGlobalSection
	GlobalSection(SolutionProperties) = preSolution
		HideSolutionNode = FALSE
	EndGlobalSection
	GlobalSection(ExtensibilityGlobals) = postSolution
		SolutionGuid = {B179DB9F-60A0-4C24-A45E-A2BF427BF369}
	EndGlobalSection
EndGlobal
